
Microsoft Visual Studio Solution File, Format Version 11.00
# Visual Studio 2010
Project("{FAE04EC0-301F-11D3-BF4B-00C04F79EFBC}") = "Assembly-CSharp", "Assembly-CSharp.csproj", "{B83ED5A6-F098-B348-27F6-FE24BE6C89D4}"
EndProject
Project("{FAE04EC0-301F-11D3-BF4B-00C04F79EFBC}") = "Assembly-CSharp-Editor", "Assembly-CSharp-Editor.csproj", "{90E82662-405F-85F1-2A8D-5BE96C7C12EF}"
EndProject
Global
	GlobalSection(SolutionConfigurationPlatforms) = preSolution
		Debug|Any CPU = Debug|Any CPU
		Release|Any CPU = Release|Any CPU
	EndGlobalSection
	GlobalSection(ProjectConfigurationPlatforms) = postSolution
		{B83ED5A6-F098-B348-27F6-FE24BE6C89D4}.Debug|Any CPU.ActiveCfg = Debug|Any CPU
		{B83ED5A6-F098-B348-27F6-FE24BE6C89D4}.Debug|Any CPU.Build.0 = Debug|Any CPU
		{B83ED5A6-F098-B348-27F6-FE24BE6C89D4}.Release|Any CPU.ActiveCfg = Release|Any CPU
		{B83ED5A6-F098-B348-27F6-FE24BE6C89D4}.Release|Any CPU.Build.0 = Release|Any CPU
		{90E82662-405F-85F1-2A8D-5BE96C7C12EF}.Debug|Any CPU.ActiveCfg = Debug|Any CPU
		{90E82662-405F-85F1-2A8D-5BE96C7C12EF}.Debug|Any CPU.Build.0 = Debug|Any CPU
		{90E82662-405F-85F1-2A8D-5BE96C7C12EF}.Release|Any CPU.ActiveCfg = Release|Any CPU
		{90E82662-405F-85F1-2A8D-5BE96C7C12EF}.Release|Any CPU.Build.0 = Release|Any CPU
	EndGlobalSection
	GlobalSection(SolutionProperties) = preSolution
		HideSolutionNode = FALSE
	EndGlobalSection
	GlobalSection(MonoDevelopProperties) = preSolution
		StartupItem = Assembly-CSharp.csproj
	EndGlobalSection
EndGlobal
